
Microsoft Visual Studio Solution File, Format Version 12.00
# Visual Studio Version 17
VisualStudioVersion = 17.10.35027.167
MinimumVisualStudioVersion = 10.0.40219.1
Project("{FAE04EC0-301F-11D3-BF4B-00C04F79EFBC}") = "sync", "sync\sync.csproj", "{546F1A75-32F3-48DE-BB5C-37FB384437BA}"
EndProject
Global
	GlobalSection(SolutionConfigurationPlatforms) = preSolution
		Debug|Any CPU = Debug|Any CPU
		Release|Any CPU = Release|Any CPU
	EndGlobalSection
	GlobalSection(ProjectConfigurationPlatforms) = postSolution
		{546F1A75-32F3-48DE-BB5C-37FB384437BA}.Debug|Any CPU.ActiveCfg = Debug|Any CPU
		{546F1A75-32F3-48DE-BB5C-37FB384437BA}.Debug|Any CPU.Build.0 = Debug|Any CPU
		{546F1A75-32F3-48DE-BB5C-37FB384437BA}.Release|Any CPU.ActiveCfg = Release|Any CPU
		{546F1A75-32F3-48DE-BB5C-37FB384437BA}.Release|Any CPU.Build.0 = Release|Any CPU
	EndGlobalSection
	GlobalSection(SolutionProperties) = preSolution
		HideSolutionNode = FALSE
	EndGlobalSection
	GlobalSection(ExtensibilityGlobals) = postSolution
		SolutionGuid = {306BD13D-CDB0-4826-B6C6-E024AD40CB27}
	EndGlobalSection
EndGlobal
